Microsoft Visual Studio Solution File, Format Version 12.00
# Visual Studio Version 17
VisualStudioVersion = 17.5.2.0
MinimumVisualStudioVersion = 10.0.40219.1
Project("{FAE04EC0-301F-11D3-BF4B-00C04F79EFBC}") = "PierwiastkiKwadratowe", "PierwiastkiKwadratowe.csproj", "{C650B0DA-B1A7-4DF9-4C47-A85249B7FA6F}"
EndProject
Global
	GlobalSection(SolutionConfigurationPlatforms) = preSolution
		Debug|Any CPU = Debug|Any CPU
		Release|Any CPU = Release|Any CPU
	EndGlobalSection
	GlobalSection(ProjectConfigurationPlatforms) = postSolution
		{C650B0DA-B1A7-4DF9-4C47-A85249B7FA6F}.Debug|Any CPU.ActiveCfg = Debug|Any CPU
		{C650B0DA-B1A7-4DF9-4C47-A85249B7FA6F}.Debug|Any CPU.Build.0 = Debug|Any CPU
		{C650B0DA-B1A7-4DF9-4C47-A85249B7FA6F}.Release|Any CPU.ActiveCfg = Release|Any CPU
		{C650B0DA-B1A7-4DF9-4C47-A85249B7FA6F}.Release|Any CPU.Build.0 = Release|Any CPU
	EndGlobalSection
	GlobalSection(SolutionProperties) = preSolution
		HideSolutionNode = FALSE
	EndGlobalSection
	GlobalSection(ExtensibilityGlobals) = postSolution
		SolutionGuid = {02DD9DE7-1C49-49F3-9B03-002FB56A0F5E}
	EndGlobalSection
EndGlobal
